// !$*UTF8*$!
{
	archiveVersion = 1;
	classes = {
	};
	objectVersion = 46;
	objects = {

/* Begin PBXBuildFile section */
		3573CDA9F3C19EFDEB2F72EF /* libPods-ArithmeticDbService_Example.a in Frameworks */ = {isa = PBXBuildFile; fileRef = C6A5631B362028FED076AA5A /* libPods-ArithmeticDbService_Example.a */; };
		607FACD61AFB9204008FA782 /* AppDelegate.swift in Sources */ = {isa = PBXBuildFile; fileRef = 607FACD51AFB9204008FA782 /* AppDelegate.swift */; };
		607FACD81AFB9204008FA782 /* ViewController.swift in Sources */ = {isa = PBXBuildFile; fileRef = 607FACD71AFB9204008FA782 /* ViewController.swift */; };
		607FACDB1AFB9204008FA782 /* Main.storyboard in Resources */ = {isa = PBXBuildFile; fileRef = 607FACD91AFB9204008FA782 /* Main.storyboard */; };
		607FACDD1AFB9204008FA782 /* Images.xcassets in Resources */ = {isa = PBXBuildFile; fileRef = 607FACDC1AFB9204008FA782 /* Images.xcassets */; };
		607FACE01AFB9204008FA782 /* LaunchScreen.xib in Resources */ = {isa = PBXBuildFile; fileRef = 607FACDE1AFB9204008FA782 /* LaunchScreen.xib */; };
		8C97C6D62C51409800FC6CD7 /* Configurations.swift in Sources */ = {isa = PBXBuildFile; fileRef = 8C97C6D22C51409800FC6CD7 /* Configurations.swift */; };
		8C97C6D72C51409800FC6CD7 /* Arithmetic.realm in Resources */ = {isa = PBXBuildFile; fileRef = 8C97C6D42C51409800FC6CD7 /* Arithmetic.realm */; };
		8CC1C1662C4FE6EC009CDADB /* MathBank.swift in Sources */ = {isa = PBXBuildFile; fileRef = 8CC1C1652C4FE6EC009CDADB /* MathBank.swift */; };
		8CC1C1682C4FE794009CDADB /* MathSkill.swift in Sources */ = {isa = PBXBuildFile; fileRef = 8CC1C1672C4FE794009CDADB /* MathSkill.swift */; };
		8CC1C16A2C4FE7A7009CDADB /* MathCategory.swift in Sources */ = {isa = PBXBuildFile; fileRef = 8CC1C1692C4FE7A7009CDADB /* MathCategory.swift */; };
		8CC1C16C2C4FE7DD009CDADB /* MathQuestion.swift in Sources */ = {isa = PBXBuildFile; fileRef = 8CC1C16B2C4FE7DD009CDADB /* MathQuestion.swift */; };
		8CC4B8532C4E85700064D532 /* ArithmeticDbService.swift in Sources */ = {isa = PBXBuildFile; fileRef = 8CC4B8522C4E85700064D532 /* ArithmeticDbService.swift */; };
		8CC4B8582C4E86480064D532 /* AppLifeCycle.swift in Sources */ = {isa = PBXBuildFile; fileRef = 8CC4B8552C4E86470064D532 /* AppLifeCycle.swift */; };
		8CC4B8592C4E86480064D532 /* Bridging-Header.m in Sources */ = {isa = PBXBuildFile; fileRef = 8CC4B8562C4E86470064D532 /* Bridging-Header.m */; };
/* End PBXBuildFile section */

/* Begin PBXFileReference section */
		30F76A7A7B82AF8A823117DE /* Pods-ArithmeticDbService_Example.debug.xcconfig */ = {isa = PBXFileReference; includeInIndex = 1; lastKnownFileType = text.xcconfig; name = "Pods-ArithmeticDbService_Example.debug.xcconfig"; path = "Target Support Files/Pods-ArithmeticDbService_Example/Pods-ArithmeticDbService_Example.debug.xcconfig"; sourceTree = "<group>"; };
		607FACD01AFB9204008FA782 /* ArithmeticDbService_Example.app */ = {isa = PBXFileReference; explicitFileType = wrapper.application; includeInIndex = 0; path = ArithmeticDbService_Example.app; sourceTree = BUILT_PRODUCTS_DIR; };
		607FACD41AFB9204008FA782 /* Info.plist */ = {isa = PBXFileReference; lastKnownFileType = text.plist.xml; path = Info.plist; sourceTree = "<group>"; };
		607FACD51AFB9204008FA782 /* AppDelegate.swift */ = {isa = PBXFileReference; lastKnownFileType = sourcecode.swift; path = AppDelegate.swift; sourceTree = "<group>"; };
		607FACD71AFB9204008FA782 /* ViewController.swift */ = {isa = PBXFileReference; lastKnownFileType = sourcecode.swift; path = ViewController.swift; sourceTree = "<group>"; };
		607FACDA1AFB9204008FA782 /* Base */ = {isa = PBXFileReference; lastKnownFileType = file.storyboard; name = Base; path = Base.lproj/Main.storyboard; sourceTree = "<group>"; };
		607FACDC1AFB9204008FA782 /* Images.xcassets */ = {isa = PBXFileReference; lastKnownFileType = folder.assetcatalog; path = Images.xcassets; sourceTree = "<group>"; };
		607FACDF1AFB9204008FA782 /* Base */ = {isa = PBXFileReference; lastKnownFileType = file.xib; name = Base; path = Base.lproj/LaunchScreen.xib; sourceTree = "<group>"; };
		7DF6EB359F8B38CF8D058E34 /* Pods-ArithmeticDbService_Example.release.xcconfig */ = {isa = PBXFileReference; includeInIndex = 1; lastKnownFileType = text.xcconfig; name = "Pods-ArithmeticDbService_Example.release.xcconfig"; path = "Target Support Files/Pods-ArithmeticDbService_Example/Pods-ArithmeticDbService_Example.release.xcconfig"; sourceTree = "<group>"; };
		8C97C6D22C51409800FC6CD7 /* Configurations.swift */ = {isa = PBXFileReference; fileEncoding = 4; lastKnownFileType = sourcecode.swift; path = Configurations.swift; sourceTree = "<group>"; };
		8C97C6D42C51409800FC6CD7 /* Arithmetic.realm */ = {isa = PBXFileReference; lastKnownFileType = file; path = Arithmetic.realm; sourceTree = "<group>"; };
		8CC1C1652C4FE6EC009CDADB /* MathBank.swift */ = {isa = PBXFileReference; lastKnownFileType = sourcecode.swift; path = MathBank.swift; sourceTree = "<group>"; };
		8CC1C1672C4FE794009CDADB /* MathSkill.swift */ = {isa = PBXFileReference; lastKnownFileType = sourcecode.swift; path = MathSkill.swift; sourceTree = "<group>"; };
		8CC1C1692C4FE7A7009CDADB /* MathCategory.swift */ = {isa = PBXFileReference; lastKnownFileType = sourcecode.swift; path = MathCategory.swift; sourceTree = "<group>"; };
		8CC1C16B2C4FE7DD009CDADB /* MathQuestion.swift */ = {isa = PBXFileReference; lastKnownFileType = sourcecode.swift; path = MathQuestion.swift; sourceTree = "<group>"; };
		8CC4B8522C4E85700064D532 /* ArithmeticDbService.swift */ = {isa = PBXFileReference; lastKnownFileType = sourcecode.swift; path = ArithmeticDbService.swift; sourceTree = "<group>"; };
		8CC4B8552C4E86470064D532 /* AppLifeCycle.swift */ = {isa = PBXFileReference; fileEncoding = 4; lastKnownFileType = sourcecode.swift; path = AppLifeCycle.swift; sourceTree = "<group>"; };
		8CC4B8562C4E86470064D532 /* Bridging-Header.m */ = {isa = PBXFileReference; fileEncoding = 4; lastKnownFileType = sourcecode.c.objc; path = "Bridging-Header.m"; sourceTree = "<group>"; };
		9A4B7194325D7AB2EEF93779 /* README.md */ = {isa = PBXFileReference; includeInIndex = 1; lastKnownFileType = net.daringfireball.markdown; name = README.md; path = ../README.md; sourceTree = "<group>"; };
		C6A5631B362028FED076AA5A /* libPods-ArithmeticDbService_Example.a */ = {isa = PBXFileReference; explicitFileType = archive.ar; includeInIndex = 0; path = "libPods-ArithmeticDbService_Example.a"; sourceTree = BUILT_PRODUCTS_DIR; };
		CDD46F1204C5801D1926308F /* ArithmeticDbService.podspec */ = {isa = PBXFileReference; includeInIndex = 1; lastKnownFileType = text; name = ArithmeticDbService.podspec; path = ../ArithmeticDbService.podspec; sourceTree = "<group>"; };
		D758ABC3EE20EC4088C2A499 /* LICENSE */ = {isa = PBXFileReference; includeInIndex = 1; lastKnownFileType = text; name = LICENSE; path = ../LICENSE; sourceTree = "<group>"; };
/* End PBXFileReference section */

/* Begin PBXFrameworksBuildPhase section */
		607FACCD1AFB9204008FA782 /* Frameworks */ = {
			isa = PBXFrameworksBuildPhase;
			buildActionMask = 2147483647;
			files = (
				3573CDA9F3C19EFDEB2F72EF /* libPods-ArithmeticDbService_Example.a in Frameworks */,
			);
			runOnlyForDeploymentPostprocessing = 0;
		};
/* End PBXFrameworksBuildPhase section */

/* Begin PBXGroup section */
		54F51675A922A18B55FCD5C0 /* Frameworks */ = {
			isa = PBXGroup;
			children = (
				C6A5631B362028FED076AA5A /* libPods-ArithmeticDbService_Example.a */,
			);
			name = Frameworks;
			sourceTree = "<group>";
		};
		607FACC71AFB9204008FA782 = {
			isa = PBXGroup;
			children = (
				607FACF51AFB993E008FA782 /* Podspec Metadata */,
				607FACD21AFB9204008FA782 /* Example for ArithmeticDbService */,
				607FACD11AFB9204008FA782 /* Products */,
				82593329B37A67BE77F46B1A /* Pods */,
				54F51675A922A18B55FCD5C0 /* Frameworks */,
				DA8A2A20D92EA5A3B364A817 /* ArithmeticDbService */,
			);
			sourceTree = "<group>";
		};
		607FACD11AFB9204008FA782 /* Products */ = {
			isa = PBXGroup;
			children = (
				607FACD01AFB9204008FA782 /* ArithmeticDbService_Example.app */,
			);
			name = Products;
			sourceTree = "<group>";
		};
		607FACD21AFB9204008FA782 /* Example for ArithmeticDbService */ = {
			isa = PBXGroup;
			children = (
				607FACD71AFB9204008FA782 /* ViewController.swift */,
				607FACD91AFB9204008FA782 /* Main.storyboard */,
				607FACDC1AFB9204008FA782 /* Images.xcassets */,
				607FACDE1AFB9204008FA782 /* LaunchScreen.xib */,
				ED946E9720510B2D005A9B5B /* App */,
				607FACD31AFB9204008FA782 /* Supporting Files */,
			);
			name = "Example for ArithmeticDbService";
			path = ArithmeticDbService;
			sourceTree = "<group>";
		};
		607FACD31AFB9204008FA782 /* Supporting Files */ = {
			isa = PBXGroup;
			children = (
				607FACD41AFB9204008FA782 /* Info.plist */,
			);
			name = "Supporting Files";
			sourceTree = "<group>";
		};
		607FACF51AFB993E008FA782 /* Podspec Metadata */ = {
			isa = PBXGroup;
			children = (
				CDD46F1204C5801D1926308F /* ArithmeticDbService.podspec */,
				9A4B7194325D7AB2EEF93779 /* README.md */,
				D758ABC3EE20EC4088C2A499 /* LICENSE */,
			);
			name = "Podspec Metadata";
			sourceTree = "<group>";
		};
		82593329B37A67BE77F46B1A /* Pods */ = {
			isa = PBXGroup;
			children = (
				30F76A7A7B82AF8A823117DE /* Pods-ArithmeticDbService_Example.debug.xcconfig */,
				7DF6EB359F8B38CF8D058E34 /* Pods-ArithmeticDbService_Example.release.xcconfig */,
			);
			path = Pods;
			sourceTree = "<group>";
		};
		8C97C6D32C51409800FC6CD7 /* Configurations */ = {
			isa = PBXGroup;
			children = (
				8C97C6D22C51409800FC6CD7 /* Configurations.swift */,
			);
			path = Configurations;
			sourceTree = "<group>";
		};
		8C97C6D52C51409800FC6CD7 /* Resources */ = {
			isa = PBXGroup;
			children = (
				8C97C6D42C51409800FC6CD7 /* Arithmetic.realm */,
			);
			path = Resources;
			sourceTree = "<group>";
		};
		8CC1C15C2C4FE594009CDADB /* Models */ = {
			isa = PBXGroup;
			children = (
				8CC1C1652C4FE6EC009CDADB /* MathBank.swift */,
				8CC1C1672C4FE794009CDADB /* MathSkill.swift */,
				8CC1C1692C4FE7A7009CDADB /* MathCategory.swift */,
				8CC1C16B2C4FE7DD009CDADB /* MathQuestion.swift */,
			);
			path = Models;
			sourceTree = "<group>";
		};
		8CC4B8572C4E86470064D532 /* AppLifeCycle */ = {
			isa = PBXGroup;
			children = (
				8CC4B8552C4E86470064D532 /* AppLifeCycle.swift */,
				8CC4B8562C4E86470064D532 /* Bridging-Header.m */,
			);
			path = AppLifeCycle;
			sourceTree = "<group>";
		};
		DA8A2A20D92EA5A3B364A817 /* ArithmeticDbService */ = {
			isa = PBXGroup;
			children = (
				8C97C6D32C51409800FC6CD7 /* Configurations */,
				8C97C6D52C51409800FC6CD7 /* Resources */,
				8CC1C15C2C4FE594009CDADB /* Models */,
				8CC4B8572C4E86470064D532 /* AppLifeCycle */,
				8CC4B8522C4E85700064D532 /* ArithmeticDbService.swift */,
			);
			name = ArithmeticDbService;
			path = ../ArithmeticDbService;
			sourceTree = "<group>";
		};
		ED946E9720510B2D005A9B5B /* App */ = {
			isa = PBXGroup;
			children = (
				607FACD51AFB9204008FA782 /* AppDelegate.swift */,
			);
			name = App;
			sourceTree = "<group>";
		};
/* End PBXGroup section */

/* Begin PBXNativeTarget section */
		607FACCF1AFB9204008FA782 /* ArithmeticDbService_Example */ = {
			isa = PBXNativeTarget;
			buildConfigurationList = 607FACEF1AFB9204008FA782 /* Build configuration list for PBXNativeTarget "ArithmeticDbService_Example" */;
			buildPhases = (
				88BF47B1A79E75D7CEF08B5A /* [CP] Check Pods Manifest.lock */,
				607FACCC1AFB9204008FA782 /* Sources */,
				607FACCD1AFB9204008FA782 /* Frameworks */,
				607FACCE1AFB9204008FA782 /* Resources */,
			);
			buildRules = (
			);
			dependencies = (
			);
			name = ArithmeticDbService_Example;
			productName = ArithmeticDbService;
			productReference = 607FACD01AFB9204008FA782 /* ArithmeticDbService_Example.app */;
			productType = "com.apple.product-type.application";
		};
/* End PBXNativeTarget section */

/* Begin PBXProject section */
		607FACC81AFB9204008FA782 /* Project object */ = {
			isa = PBXProject;
			attributes = {
				LastSwiftUpdateCheck = 0720;
				LastUpgradeCheck = 1230;
				ORGANIZATIONNAME = 3commas;
				TargetAttributes = {
					607FACCF1AFB9204008FA782 = {
						CreatedOnToolsVersion = 6.3.1;
						LastSwiftMigration = 0820;
					};
				};
			};
			buildConfigurationList = 607FACCB1AFB9204008FA782 /* Build configuration list for PBXProject "ArithmeticDbService" */;
			compatibilityVersion = "Xcode 3.2";
			developmentRegion = en;
			hasScannedForEncodings = 0;
			knownRegions = (
				en,
				Base,
			);
			mainGroup = 607FACC71AFB9204008FA782;
			productRefGroup = 607FACD11AFB9204008FA782 /* Products */;
			projectDirPath = "";
			projectRoot = "";
			targets = (
				607FACCF1AFB9204008FA782 /* ArithmeticDbService_Example */,
			);
		};
/* End PBXProject section */

/* Begin PBXResourcesBuildPhase section */
		607FACCE1AFB9204008FA782 /* Resources */ = {
			isa = PBXResourcesBuildPhase;
			buildActionMask = 2147483647;
			files = (
				607FACDB1AFB9204008FA782 /* Main.storyboard in Resources */,
				8C97C6D72C51409800FC6CD7 /* Arithmetic.realm in Resources */,
				607FACE01AFB9204008FA782 /* LaunchScreen.xib in Resources */,
				607FACDD1AFB9204008FA782 /* Images.xcassets in Resources */,
			);
			runOnlyForDeploymentPostprocessing = 0;
		};
/* End PBXResourcesBuildPhase section */

/* Begin PBXShellScriptBuildPhase section */
		88BF47B1A79E75D7CEF08B5A /* [CP] Check Pods Manifest.lock */ = {
			isa = PBXShellScriptBuildPhase;
			buildActionMask = 2147483647;
			files = (
			);
			inputFileListPaths = (
			);
			inputPaths = (
				"${PODS_PODFILE_DIR_PATH}/Podfile.lock",
				"${PODS_ROOT}/Manifest.lock",
			);
			name = "[CP] Check Pods Manifest.lock";
			outputFileListPaths = (
			);
			outputPaths = (
				"$(DERIVED_FILE_DIR)/Pods-ArithmeticDbService_Example-checkManifestLockResult.txt",
			);
			runOnlyForDeploymentPostprocessing = 0;
			shellPath = /bin/sh;
			shellScript = "diff \"${PODS_PODFILE_DIR_PATH}/Podfile.lock\" \"${PODS_ROOT}/Manifest.lock\" > /dev/null\nif [ $? != 0 ] ; then\n    # print error to STDERR\n    echo \"error: The sandbox is not in sync with the Podfile.lock. Run 'pod install' or update your CocoaPods installation.\" >&2\n    exit 1\nfi\n# This output is used by Xcode 'outputs' to avoid re-running this script phase.\necho \"SUCCESS\" > \"${SCRIPT_OUTPUT_FILE_0}\"\n";
			showEnvVarsInLog = 0;
		};
/* End PBXShellScriptBuildPhase section */

/* Begin PBXSourcesBuildPhase section */
		607FACCC1AFB9204008FA782 /* Sources */ = {
			isa = PBXSourcesBuildPhase;
			buildActionMask = 2147483647;
			files = (
				607FACD81AFB9204008FA782 /* ViewController.swift in Sources */,
				8CC4B8592C4E86480064D532 /* Bridging-Header.m in Sources */,
				8CC4B8532C4E85700064D532 /* ArithmeticDbService.swift in Sources */,
				8CC1C1682C4FE794009CDADB /* MathSkill.swift in Sources */,
				8CC4B8582C4E86480064D532 /* AppLifeCycle.swift in Sources */,
				8CC1C16A2C4FE7A7009CDADB /* MathCategory.swift in Sources */,
				8C97C6D62C51409800FC6CD7 /* Configurations.swift in Sources */,
				8CC1C16C2C4FE7DD009CDADB /* MathQuestion.swift in Sources */,
				607FACD61AFB9204008FA782 /* AppDelegate.swift in Sources */,
				8CC1C1662C4FE6EC009CDADB /* MathBank.swift in Sources */,
			);
			runOnlyForDeploymentPostprocessing = 0;
		};
/* End PBXSourcesBuildPhase section */

/* Begin PBXVariantGroup section */
		607FACD91AFB9204008FA782 /* Main.storyboard */ = {
			isa = PBXVariantGroup;
			children = (
				607FACDA1AFB9204008FA782 /* Base */,
			);
			name = Main.storyboard;
			sourceTree = "<group>";
		};
		607FACDE1AFB9204008FA782 /* LaunchScreen.xib */ = {
			isa = PBXVariantGroup;
			children = (
				607FACDF1AFB9204008FA782 /* Base */,
			);
			name = LaunchScreen.xib;
			sourceTree = "<group>";
		};
/* End PBXVariantGroup section */

/* Begin XCBuildConfiguration section */
		607FACED1AFB9204008FA782 /* Debug */ = {
			isa = XCBuildConfiguration;
			buildSettings = {
				ALWAYS_SEARCH_USER_PATHS = NO;
				CLANG_ANALYZER_LOCALIZABILITY_NONLOCALIZED = YES;
				CLANG_CXX_LANGUAGE_STANDARD = "gnu++0x";
				CLANG_CXX_LIBRARY = "libc++";
				CLANG_ENABLE_MODULES = YES;
				CLANG_ENABLE_OBJC_ARC = YES;
				CLANG_WARN_BLOCK_CAPTURE_AUTORELEASING = YES;
				CLANG_WARN_BOOL_CONVERSION = YES;
				CLANG_WARN_COMMA = YES;
				CLANG_WARN_CONSTANT_CONVERSION = YES;
				CLANG_WARN_DEPRECATED_OBJC_IMPLEMENTATIONS = YES;
				CLANG_WARN_DIRECT_OBJC_ISA_USAGE = YES_ERROR;
				CLANG_WARN_EMPTY_BODY = YES;
				CLANG_WARN_ENUM_CONVERSION = YES;
				CLANG_WARN_INFINITE_RECURSION = YES;
				CLANG_WARN_INT_CONVERSION = YES;
				CLANG_WARN_NON_LITERAL_NULL_CONVERSION = YES;
				CLANG_WARN_OBJC_IMPLICIT_RETAIN_SELF = YES;
				CLANG_WARN_OBJC_LITERAL_CONVERSION = YES;
				CLANG_WARN_OBJC_ROOT_CLASS = YES_ERROR;
				CLANG_WARN_QUOTED_INCLUDE_IN_FRAMEWORK_HEADER = YES;
				CLANG_WARN_RANGE_LOOP_ANALYSIS = YES;
				CLANG_WARN_STRICT_PROTOTYPES = YES;
				CLANG_WARN_SUSPICIOUS_MOVE = YES;
				CLANG_WARN_UNREACHABLE_CODE = YES;
				CLANG_WARN__DUPLICATE_METHOD_MATCH = YES;
				"CODE_SIGN_IDENTITY[sdk=iphoneos*]" = "iPhone Developer";
				COPY_PHASE_STRIP = NO;
				DEBUG_INFORMATION_FORMAT = "dwarf-with-dsym";
				ENABLE_STRICT_OBJC_MSGSEND = YES;
				ENABLE_TESTABILITY = YES;
				GCC_C_LANGUAGE_STANDARD = gnu99;
				GCC_DYNAMIC_NO_PIC = NO;
				GCC_NO_COMMON_BLOCKS = YES;
				GCC_OPTIMIZATION_LEVEL = 0;
				GCC_PREPROCESSOR_DEFINITIONS = (
					"DEBUG=1",
					"$(inherited)",
				);
				GCC_SYMBOLS_PRIVATE_EXTERN = NO;
				GCC_WARN_64_TO_32_BIT_CONVERSION = YES;
				GCC_WARN_ABOUT_RETURN_TYPE = YES_ERROR;
				GCC_WARN_UNDECLARED_SELECTOR = YES;
				GCC_WARN_UNINITIALIZED_AUTOS = YES_AGGRESSIVE;
				GCC_WARN_UNUSED_FUNCTION = YES;
				GCC_WARN_UNUSED_VARIABLE = YES;
				IPHONEOS_DEPLOYMENT_TARGET = 14.0;
				MTL_ENABLE_DEBUG_INFO = YES;
				ONLY_ACTIVE_ARCH = YES;
				SDKROOT = iphoneos;
				SWIFT_OPTIMIZATION_LEVEL = "-Onone";
			};
			name = Debug;
		};
		607FACEE1AFB9204008FA782 /* Release */ = {
			isa = XCBuildConfiguration;
			buildSettings = {
				ALWAYS_SEARCH_USER_PATHS = NO;
				CLANG_ANALYZER_LOCALIZABILITY_NONLOCALIZED = YES;
				CLANG_CXX_LANGUAGE_STANDARD = "gnu++0x";
				CLANG_CXX_LIBRARY = "libc++";
				CLANG_ENABLE_MODULES = YES;
				CLANG_ENABLE_OBJC_ARC = YES;
				CLANG_WARN_BLOCK_CAPTURE_AUTORELEASING = YES;
				CLANG_WARN_BOOL_CONVERSION = YES;
				CLANG_WARN_COMMA = YES;
				CLANG_WARN_CONSTANT_CONVERSION = YES;
				CLANG_WARN_DEPRECATED_OBJC_IMPLEMENTATIONS = YES;
				CLANG_WARN_DIRECT_OBJC_ISA_USAGE = YES_ERROR;
				CLANG_WARN_EMPTY_BODY = YES;
				CLANG_WARN_ENUM_CONVERSION = YES;
				CLANG_WARN_INFINITE_RECURSION = YES;
				CLANG_WARN_INT_CONVERSION = YES;
				CLANG_WARN_NON_LITERAL_NULL_CONVERSION = YES;
				CLANG_WARN_OBJC_IMPLICIT_RETAIN_SELF = YES;
				CLANG_WARN_OBJC_LITERAL_CONVERSION = YES;
				CLANG_WARN_OBJC_ROOT_CLASS = YES_ERROR;
				CLANG_WARN_QUOTED_INCLUDE_IN_FRAMEWORK_HEADER = YES;
				CLANG_WARN_RANGE_LOOP_ANALYSIS = YES;
				CLANG_WARN_STRICT_PROTOTYPES = YES;
				CLANG_WARN_SUSPICIOUS_MOVE = YES;
				CLANG_WARN_UNREACHABLE_CODE = YES;
				CLANG_WARN__DUPLICATE_METHOD_MATCH = YES;
				"CODE_SIGN_IDENTITY[sdk=iphoneos*]" = "iPhone Developer";
				COPY_PHASE_STRIP = NO;
				DEBUG_INFORMATION_FORMAT = "dwarf-with-dsym";
				ENABLE_NS_ASSERTIONS = NO;
				ENABLE_STRICT_OBJC_MSGSEND = YES;
				GCC_C_LANGUAGE_STANDARD = gnu99;
				GCC_NO_COMMON_BLOCKS = YES;
				GCC_WARN_64_TO_32_BIT_CONVERSION = YES;
				GCC_WARN_ABOUT_RETURN_TYPE = YES_ERROR;
				GCC_WARN_UNDECLARED_SELECTOR = YES;
				GCC_WARN_UNINITIALIZED_AUTOS = YES_AGGRESSIVE;
				GCC_WARN_UNUSED_FUNCTION = YES;
				GCC_WARN_UNUSED_VARIABLE = YES;
				IPHONEOS_DEPLOYMENT_TARGET = 14.0;
				MTL_ENABLE_DEBUG_INFO = NO;
				SDKROOT = iphoneos;
				SWIFT_OPTIMIZATION_LEVEL = "-Owholemodule";
				VALIDATE_PRODUCT = YES;
			};
			name = Release;
		};
		607FACF01AFB9204008FA782 /* Debug */ = {
			isa = XCBuildConfiguration;
			baseConfigurationReference = 30F76A7A7B82AF8A823117DE /* Pods-ArithmeticDbService_Example.debug.xcconfig */;
			buildSettings = {
				ASSETCATALOG_COMPILER_APPICON_NAME = AppIcon;
				INFOPLIST_FILE = ArithmeticDbService/Info.plist;
				IPHONEOS_DEPLOYMENT_TARGET = 14.0;
				LD_RUNPATH_SEARCH_PATHS = "$(inherited) @executable_path/Frameworks";
				MODULE_NAME = ExampleApp;
				PRODUCT_BUNDLE_IDENTIFIER = "org.cocoapods.demo.$(PRODUCT_NAME:rfc1034identifier)";
				PRODUCT_NAME = "$(TARGET_NAME)";
				SWIFT_VERSION = 5.0;
			};
			name = Debug;
		};
		607FACF11AFB9204008FA782 /* Release */ = {
			isa = XCBuildConfiguration;
			baseConfigurationReference = 7DF6EB359F8B38CF8D058E34 /* Pods-ArithmeticDbService_Example.release.xcconfig */;
			buildSettings = {
				ASSETCATALOG_COMPILER_APPICON_NAME = AppIcon;
				INFOPLIST_FILE = ArithmeticDbService/Info.plist;
				IPHONEOS_DEPLOYMENT_TARGET = 14.0;
				LD_RUNPATH_SEARCH_PATHS = "$(inherited) @executable_path/Frameworks";
				MODULE_NAME = ExampleApp;
				PRODUCT_BUNDLE_IDENTIFIER = "org.cocoapods.demo.$(PRODUCT_NAME:rfc1034identifier)";
				PRODUCT_NAME = "$(TARGET_NAME)";
				SWIFT_VERSION = 5.0;
			};
			name = Release;
		};
/* End XCBuildConfiguration section */

/* Begin XCConfigurationList section */
		607FACCB1AFB9204008FA782 /* Build configuration list for PBXProject "ArithmeticDbService" */ = {
			isa = XCConfigurationList;
			buildConfigurations = (
				607FACED1AFB9204008FA782 /* Debug */,
				607FACEE1AFB9204008FA782 /* Release */,
			);
			defaultConfigurationIsVisible = 0;
			defaultConfigurationName = Release;
		};
		607FACEF1AFB9204008FA782 /* Build configuration list for PBXNativeTarget "ArithmeticDbService_Example" */ = {
			isa = XCConfigurationList;
			buildConfigurations = (
				607FACF01AFB9204008FA782 /* Debug */,
				607FACF11AFB9204008FA782 /* Release */,
			);
			defaultConfigurationIsVisible = 0;
			defaultConfigurationName = Release;
		};
/* End XCConfigurationList section */
	};
	rootObject = 607FACC81AFB9204008FA782 /* Project object */;
}
