PODS:
  - LookinServer (1.2.8):
    - LookinServer/Core (= 1.2.8)
  - LookinServer/Core (1.2.8)
  - Masonry (1.1.0)

DEPENDENCIES:
  - LookinServer
  - Masonry

SPEC REPOS:
  trunk:
    - LookinServer
    - Masonry

SPEC CHECKSUMS:
  LookinServer: 1b2b61c6402ae29fa22182d48f5cd067b4e99e80
  Masonry: 678fab65091a9290e40e2832a55e7ab731aad201

PODFILE CHECKSUM: 3745cc8cd7485cb62f53876751f1ecbb7444df39

COCOAPODS: 1.16.2
